
Microsoft Visual Studio Solution File, Format Version 12.00
# Visual Studio Version 17
VisualStudioVersion = 17.13.35825.156
MinimumVisualStudioVersion = 10.0.40219.1
Project("{FAE04EC0-301F-11D3-BF4B-00C04F79EFBC}") = "ProiectPIU", "ProiectPIU\ProiectPIU.csproj", "{96DF357F-4FCB-458C-A037-C6879A538053}"
EndProject
Project("{FAE04EC0-301F-11D3-BF4B-00C04F79EFBC}") = "LibrarieModele", "LibrarieModele\LibrarieModele.csproj", "{D536BD67-E8C6-47B7-BF6C-53CF1F238C66}"
EndProject
Project("{FAE04EC0-301F-11D3-BF4B-00C04F79EFBC}") = "NivelStocareDate", "NivelStocareDate\NivelStocareDate.csproj", "{474D1F41-27B0-4C5A-94A1-861AB0607EEC}"
EndProject
Project("{FAE04EC0-301F-11D3-BF4B-00C04F79EFBC}") = "Interfata_WindowsForms", "Interfata_WindowsForms\Interfata_WindowsForms.csproj", "{7CE37487-C892-48FE-BA73-ED3C0986CCB6}"
EndProject
Global
	GlobalSection(SolutionConfigurationPlatforms) = preSolution
		Debug|Any CPU = Debug|Any CPU
		Release|Any CPU = Release|Any CPU
	EndGlobalSection
	GlobalSection(ProjectConfigurationPlatforms) = postSolution
		{96DF357F-4FCB-458C-A037-C6879A538053}.Debug|Any CPU.ActiveCfg = Debug|Any CPU
		{96DF357F-4FCB-458C-A037-C6879A538053}.Debug|Any CPU.Build.0 = Debug|Any CPU
		{96DF357F-4FCB-458C-A037-C6879A538053}.Release|Any CPU.ActiveCfg = Release|Any CPU
		{96DF357F-4FCB-458C-A037-C6879A538053}.Release|Any CPU.Build.0 = Release|Any CPU
		{D536BD67-E8C6-47B7-BF6C-53CF1F238C66}.Debug|Any CPU.ActiveCfg = Debug|Any CPU
		{D536BD67-E8C6-47B7-BF6C-53CF1F238C66}.Debug|Any CPU.Build.0 = Debug|Any CPU
		{D536BD67-E8C6-47B7-BF6C-53CF1F238C66}.Release|Any CPU.ActiveCfg = Release|Any CPU
		{D536BD67-E8C6-47B7-BF6C-53CF1F238C66}.Release|Any CPU.Build.0 = Release|Any CPU
		{474D1F41-27B0-4C5A-94A1-861AB0607EEC}.Debug|Any CPU.ActiveCfg = Debug|Any CPU
		{474D1F41-27B0-4C5A-94A1-861AB0607EEC}.Debug|Any CPU.Build.0 = Debug|Any CPU
		{474D1F41-27B0-4C5A-94A1-861AB0607EEC}.Release|Any CPU.ActiveCfg = Release|Any CPU
		{474D1F41-27B0-4C5A-94A1-861AB0607EEC}.Release|Any CPU.Build.0 = Release|Any CPU
		{7CE37487-C892-48FE-BA73-ED3C0986CCB6}.Debug|Any CPU.ActiveCfg = Debug|Any CPU
		{7CE37487-C892-48FE-BA73-ED3C0986CCB6}.Debug|Any CPU.Build.0 = Debug|Any CPU
		{7CE37487-C892-48FE-BA73-ED3C0986CCB6}.Release|Any CPU.ActiveCfg = Release|Any CPU
		{7CE37487-C892-48FE-BA73-ED3C0986CCB6}.Release|Any CPU.Build.0 = Release|Any CPU
	EndGlobalSection
	GlobalSection(SolutionProperties) = preSolution
		HideSolutionNode = FALSE
	EndGlobalSection
	GlobalSection(ExtensibilityGlobals) = postSolution
		SolutionGuid = {7247BDFC-AA69-4053-9F42-CBDEBA3219F7}
	EndGlobalSection
EndGlobal
